
Microsoft Visual Studio Solution File, Format Version 12.00
# Visual Studio Version 16
VisualStudioVersion = 25.0.1706.14
MinimumVisualStudioVersion = 10.0.40219.1
Project("{FAE04EC0-301F-11D3-BF4B-00C04F79EFBC}") = "Week3IfAndSwitch", "Week3IfAndSwitch\Week3IfAndSwitch.csproj", "{C8DCDB35-B213-4FC5-9920-615C2C9F1229}"
EndProject
Project("{FAE04EC0-301F-11D3-BF4B-00C04F79EFBC}") = "OddOrEven", "OddOrEven\OddOrEven.csproj", "{FA6C819A-BF88-48ED-A714-EB2B5EC8E099}"
EndProject
Project("{FAE04EC0-301F-11D3-BF4B-00C04F79EFBC}") = "IfDayOfTheWeek", "IfDayOfTheWeek\IfDayOfTheWeek.csproj", "{6D9485A2-976D-4832-9883-FBA3070636D5}"
EndProject
Project("{FAE04EC0-301F-11D3-BF4B-00C04F79EFBC}") = "SwitchDayOfTheWeek", "SwitchDayOfTheWeek\SwitchDayOfTheWeek.csproj", "{19ABC88C-48DE-4BF8-9A23-D3A9E3B77498}"
EndProject
Global
	GlobalSection(SolutionConfigurationPlatforms) = preSolution
		Debug|Any CPU = Debug|Any CPU
		Release|Any CPU = Release|Any CPU
	EndGlobalSection
	GlobalSection(ProjectConfigurationPlatforms) = postSolution
		{C8DCDB35-B213-4FC5-9920-615C2C9F1229}.Debug|Any CPU.ActiveCfg = Debug|Any CPU
		{C8DCDB35-B213-4FC5-9920-615C2C9F1229}.Debug|Any CPU.Build.0 = Debug|Any CPU
		{C8DCDB35-B213-4FC5-9920-615C2C9F1229}.Release|Any CPU.ActiveCfg = Release|Any CPU
		{C8DCDB35-B213-4FC5-9920-615C2C9F1229}.Release|Any CPU.Build.0 = Release|Any CPU
		{FA6C819A-BF88-48ED-A714-EB2B5EC8E099}.Debug|Any CPU.ActiveCfg = Debug|Any CPU
		{FA6C819A-BF88-48ED-A714-EB2B5EC8E099}.Debug|Any CPU.Build.0 = Debug|Any CPU
		{FA6C819A-BF88-48ED-A714-EB2B5EC8E099}.Release|Any CPU.ActiveCfg = Release|Any CPU
		{FA6C819A-BF88-48ED-A714-EB2B5EC8E099}.Release|Any CPU.Build.0 = Release|Any CPU
		{6D9485A2-976D-4832-9883-FBA3070636D5}.Debug|Any CPU.ActiveCfg = Debug|Any CPU
		{6D9485A2-976D-4832-9883-FBA3070636D5}.Debug|Any CPU.Build.0 = Debug|Any CPU
		{6D9485A2-976D-4832-9883-FBA3070636D5}.Release|Any CPU.ActiveCfg = Release|Any CPU
		{6D9485A2-976D-4832-9883-FBA3070636D5}.Release|Any CPU.Build.0 = Release|Any CPU
		{19ABC88C-48DE-4BF8-9A23-D3A9E3B77498}.Debug|Any CPU.ActiveCfg = Debug|Any CPU
		{19ABC88C-48DE-4BF8-9A23-D3A9E3B77498}.Debug|Any CPU.Build.0 = Debug|Any CPU
		{19ABC88C-48DE-4BF8-9A23-D3A9E3B77498}.Release|Any CPU.ActiveCfg = Release|Any CPU
		{19ABC88C-48DE-4BF8-9A23-D3A9E3B77498}.Release|Any CPU.Build.0 = Release|Any CPU
	EndGlobalSection
	GlobalSection(SolutionProperties) = preSolution
		HideSolutionNode = FALSE
	EndGlobalSection
	GlobalSection(ExtensibilityGlobals) = postSolution
		SolutionGuid = {ECF2EE43-29E1-4F21-9B97-DF2EA32304E9}
	EndGlobalSection
EndGlobal
